{
  "version": 1,
  "dependencies": {
    "net6.0": {
      "System.Data.DataSetExtensions": {
        "type": "Direct",
        "requested": "[4.5.0, )",
        "resolved": "4.5.0",
        "contentHash": "221clPs1445HkTBZPL+K9sDBdJRB8UN8rgjO3ztB0CQ26z//fmJXtlsr6whGatscsKGBrhJl5bwJuKSA8mwFOw=="
      },
      "System.Data.OleDb": {
        "type": "Direct",
        "requested": "[6.0.0, )",
        "resolved": "6.0.0",
        "contentHash": "LQ8PjTIF1LtrrlGiyiTVjAkQtTWKm9GSNnygIlWjhN9y88s7xhy6DUNDDkmQQ9f6ex7mA4k0Tl97lz/CklaiLg==",
        "dependencies": {
          "System.Configuration.ConfigurationManager": "6.0.0",
          "System.Diagnostics.PerformanceCounter": "6.0.0"
        }
      },
      "System.Data.SqlClient": {
        "type": "Direct",
        "requested": "[4.8.4, )",
        "resolved": "4.8.4",
        "contentHash": "45YflfcVXAu+Tnf0WnZzQIp9iGm+XvSvh8OosYHqax/nW3gV28NBSRvHFZ/IsuwV4JIypYCKBEOVzW+RB5+zgQ==",
        "dependencies": {
          "Microsoft.Win32.Registry": "4.7.0",
          "System.Security.Principal.Windows": "4.7.0",
          "runtime.native.System.Data.SqlClient.sni": "4.7.0"
        }
      },
      "Microsoft.Win32.Registry": {
        "type": "Transitive",
        "resolved": "4.7.0",
        "contentHash": "KSrRMb5vNi0CWSGG1++id2ZOs/1QhRqROt+qgbEAdQuGjGrFcl4AOl4/exGPUYz2wUnU42nvJqon1T3U0kPXLA==",
        "dependencies": {
          "System.Security.AccessControl": "4.7.0",
          "System.Security.Principal.Windows": "4.7.0"
        }
      },
      "Microsoft.Win32.SystemEvents": {
        "type": "Transitive",
        "resolved": "6.0.0",
        "contentHash": "hqTM5628jSsQiv+HGpiq3WKBl2c8v1KZfby2J6Pr7pEPlK9waPdgEO6b8A/+/xn/yZ9ulv8HuqK71ONy2tg67A=="
      },
      "runtime.native.System.Data.SqlClient.sni": {
        "type": "Transitive",
        "resolved": "4.7.0",
        "contentHash": "9kyFSIdN3T0qjDQ2R0HRXYIhS3l5psBzQi6qqhdLz+SzFyEy4sVxNOke+yyYv8Cu8rPER12c3RDjLT8wF3WBYQ==",
        "dependencies": {
          "runtime.win-arm64.runtime.native.System.Data.SqlClient.sni": "4.4.0",
          "runtime.win-x64.runtime.native.System.Data.SqlClient.sni": "4.4.0",
          "runtime.win-x86.runtime.native.System.Data.SqlClient.sni": "4.4.0"
        }
      },
      "runtime.win-arm64.runtime.native.System.Data.SqlClient.sni": {
        "type": "Transitive",
        "resolved": "4.4.0",
        "contentHash": "LbrynESTp3bm5O/+jGL8v0Qg5SJlTV08lpIpFesXjF6uGNMWqFnUQbYBJwZTeua6E/Y7FIM1C54Ey1btLWupdg=="
      },
      "runtime.win-x64.runtime.native.System.Data.SqlClient.sni": {
        "type": "Transitive",
        "resolved": "4.4.0",
        "contentHash": "38ugOfkYJqJoX9g6EYRlZB5U2ZJH51UP8ptxZgdpS07FgOEToV+lS11ouNK2PM12Pr6X/PpT5jK82G3DwH/SxQ=="
      },
      "runtime.win-x86.runtime.native.System.Data.SqlClient.sni": {
        "type": "Transitive",
        "resolved": "4.4.0",
        "contentHash": "YhEdSQUsTx+C8m8Bw7ar5/VesXvCFMItyZF7G1AUY+OM0VPZUOeAVpJ4Wl6fydBGUYZxojTDR3I6Bj/+BPkJNA=="
      },
      "System.Configuration.ConfigurationManager": {
        "type": "Transitive",
        "resolved": "6.0.0",
        "contentHash": "7T+m0kDSlIPTHIkPMIu6m6tV6qsMqJpvQWW2jIc2qi7sn40qxFo0q+7mEQAhMPXZHMKnWrnv47ntGlM/ejvw3g==",
        "dependencies": {
          "System.Security.Cryptography.ProtectedData": "6.0.0",
          "System.Security.Permissions": "6.0.0"
        }
      },
      "System.Diagnostics.PerformanceCounter": {
        "type": "Transitive",
        "resolved": "6.0.0",
        "contentHash": "gbeE5tNp/oB7O8kTTLh3wPPJCxpNOphXPTWVs1BsYuFOYapFijWuh0LYw1qnDo4gwDUYPXOmpTIhvtxisGsYOQ==",
        "dependencies": {
          "System.Configuration.ConfigurationManager": "6.0.0"
        }
      },
      "System.Drawing.Common": {
        "type": "Transitive",
        "resolved": "6.0.0",
        "contentHash": "NfuoKUiP2nUWwKZN6twGqXioIe1zVD0RIj2t976A+czLHr2nY454RwwXs6JU9Htc6mwqL6Dn/nEL3dpVf2jOhg==",
        "dependencies": {
          "Microsoft.Win32.SystemEvents": "6.0.0"
        }
      },
      "System.Security.AccessControl": {
        "type": "Transitive",
        "resolved": "6.0.0",
        "contentHash": "AUADIc0LIEQe7MzC+I0cl0rAT8RrTAKFHl53yHjEUzNVIaUlhFY11vc2ebiVJzVBuOzun6F7FBA+8KAbGTTedQ=="
      },
      "System.Security.Cryptography.ProtectedData": {
        "type": "Transitive",
        "resolved": "6.0.0",
        "contentHash": "rp1gMNEZpvx9vP0JW0oHLxlf8oSiQgtno77Y4PLUBjSiDYoD77Y8uXHr1Ea5XG4/pIKhqAdxZ8v8OTUtqo9PeQ=="
      },
      "System.Security.Permissions": {
        "type": "Transitive",
        "resolved": "6.0.0",
        "contentHash": "T/uuc7AklkDoxmcJ7LGkyX1CcSviZuLCa4jg3PekfJ7SU0niF0IVTXwUiNVP9DSpzou2PpxJ+eNY2IfDM90ZCg==",
        "dependencies": {
          "System.Security.AccessControl": "6.0.0",
          "System.Windows.Extensions": "6.0.0"
        }
      },
      "System.Security.Principal.Windows": {
        "type": "Transitive",
        "resolved": "4.7.0",
        "contentHash": "ojD0PX0XhneCsUbAZVKdb7h/70vyYMDYs85lwEI+LngEONe/17A0cFaRFqZU+sOEidcVswYWikYOQ9PPfjlbtQ=="
      },
      "System.Windows.Extensions": {
        "type": "Transitive",
        "resolved": "6.0.0",
        "contentHash": "IXoJOXIqc39AIe+CIR7koBtRGMiCt/LPM3lI+PELtDIy9XdyeSrwXFdWV9dzJ2Awl0paLWUaknLxFQ5HpHZUog==",
        "dependencies": {
          "System.Drawing.Common": "6.0.0"
        }
      }
    }
  }
}